<?xml version="1.0" encoding="utf-8"?>
<Project ToolsVersion="4.0" xmlns="http://schemas.microsoft.com/developer/msbuild/2003">
  <ItemGroup>
    <Filter Include="Source Files">
      <UniqueIdentifier>{4FC737F1-C7A5-4376-A066-2A32D752A2FF}</UniqueIdentifier>
      <Extensions>cpp;c;cc;cxx;c++;cppm;ixx;def;odl;idl;hpj;bat;asm;asmx</Extensions>
    </Filter>
    <Filter Include="Header Files">
      <UniqueIdentifier>{93995380-89BD-4b04-88EB-625FBE52EBFB}</UniqueIdentifier>
      <Extensions>h;hh;hpp;hxx;h++;hm;inl;inc;ipp;xsd</Extensions>
    </Filter>
    <Filter Include="Resource Files">
      <UniqueIdentifier>{67DA6AB6-F800-4c08-8B7A-83BB121AAD01}</UniqueIdentifier>
      <Extensions>rc;ico;cur;bmp;dlg;rc2;rct;bin;rgs;gif;jpg;jpeg;jpe;resx;tiff;tif;png;wav;mfcribbon-ms</Extensions>
    </Filter>
  </ItemGroup>
  <ItemGroup>
    <None Include="packages.config" />
  </ItemGroup>
  <ItemGroup>
    <ClCompile Include="InitialConfigTests.cpp">
      <Filter>Source Files</Filter>
    </ClCompile>
    <ClCompile Include="main.cpp">
      <Filter>Source Files</Filter>
    </ClCompile>
    <ClCompile Include="$(MSBuildThisFileDirectory)src\gtest\gtest-all.cc">
      <Filter>Source Files</Filter>
    </ClCompile>
    <ClCompile Include="$(MSBuildThisFileDirectory)src\gmock\gmock-all.cc">
      <Filter>Source Files</Filter>
    </ClCompile>
    <ClCompile Include="MakeMoveTests.cpp">
      <Filter>Source Files</Filter>
    </ClCompile>
    <ClCompile Include="TestHorsePossibleMoves.cpp">
      <Filter>Source Files</Filter>
    </ClCompile>
    <ClCompile Include="TestBishopPossibleMoves.cpp">
      <Filter>Source Files</Filter>
    </ClCompile>
    <ClCompile Include="Utility.cpp">
      <Filter>Source Files</Filter>
    </ClCompile>
    <ClCompile Include="TestRookPossibleMoves.cpp">
      <Filter>Source Files</Filter>
    </ClCompile>
    <ClCompile Include="TestKingPossibleMoves.cpp">
      <Filter>Source Files</Filter>
    </ClCompile>
    <ClCompile Include="TestPawnPossibleMoves.cpp">
      <Filter>Source Files</Filter>
    </ClCompile>
    <ClCompile Include="TestQueenPossibleMoves.cpp">
      <Filter>Source Files</Filter>
    </ClCompile>
    <ClCompile Include="TestVerifyCheckMate.cpp">
      <Filter>Source Files</Filter>
    </ClCompile>
    <ClCompile Include="TestCastle.cpp">
      <Filter>Source Files</Filter>
    </ClCompile>
    <ClCompile Include="TestIsStalemate.cpp">
      <Filter>Source Files</Filter>
    </ClCompile>
    <ClCompile Include="TestIListener.cpp">
      <Filter>Source Files</Filter>
    </ClCompile>
    <ClCompile Include="TestPGNReader.cpp">
      <Filter>Source Files</Filter>
    </ClCompile>
    <ClCompile Include="TestPGNBuilder.cpp">
      <Filter>Source Files</Filter>
    </ClCompile>
    <ClCompile Include="TestLoadPGNFromFile.cpp">
      <Filter>Source Files</Filter>
    </ClCompile>
  </ItemGroup>
  <ItemGroup>
    <ClInclude Include="Utility.h">
      <Filter>Header Files</Filter>
    </ClInclude>
  </ItemGroup>
</Project>